
Microsoft Visual Studio Solution File, Format Version 12.00
# Visual Studio Version 16
VisualStudioVersion = 16.0.31515.178
MinimumVisualStudioVersion = 10.0.40219.1
Project("{9A19103F-16F7-4668-BE54-9A1E7A4F7556}") = "Catalog.API", "Catalog.API\Catalog.API.csproj", "{6753DA02-D889-4BFB-9655-654DC670FC8E}"
EndProject
Project("{FAE04EC0-301F-11D3-BF4B-00C04F79EFBC}") = "Catalog.UnitTests", "Catalog.UnitTests\Catalog.UnitTests.csproj", "{B33D72E4-31A6-4C7F-874A-908DDC6577B1}"
EndProject
Global
	GlobalSection(SolutionConfigurationPlatforms) = preSolution
		Debug|Any CPU = Debug|Any CPU
		Release|Any CPU = Release|Any CPU
	EndGlobalSection
	GlobalSection(ProjectConfigurationPlatforms) = postSolution
		{6753DA02-D889-4BFB-9655-654DC670FC8E}.Debug|Any CPU.ActiveCfg = Debug|Any CPU
		{6753DA02-D889-4BFB-9655-654DC670FC8E}.Debug|Any CPU.Build.0 = Debug|Any CPU
		{6753DA02-D889-4BFB-9655-654DC670FC8E}.Release|Any CPU.ActiveCfg = Release|Any CPU
		{6753DA02-D889-4BFB-9655-654DC670FC8E}.Release|Any CPU.Build.0 = Release|Any CPU
		{B33D72E4-31A6-4C7F-874A-908DDC6577B1}.Debug|Any CPU.ActiveCfg = Debug|Any CPU
		{B33D72E4-31A6-4C7F-874A-908DDC6577B1}.Debug|Any CPU.Build.0 = Debug|Any CPU
		{B33D72E4-31A6-4C7F-874A-908DDC6577B1}.Release|Any CPU.ActiveCfg = Release|Any CPU
		{B33D72E4-31A6-4C7F-874A-908DDC6577B1}.Release|Any CPU.Build.0 = Release|Any CPU
	EndGlobalSection
	GlobalSection(SolutionProperties) = preSolution
		HideSolutionNode = FALSE
	EndGlobalSection
	GlobalSection(ExtensibilityGlobals) = postSolution
		SolutionGuid = {598B315D-EA9A-4FBA-839A-F18A9C27CB97}
	EndGlobalSection
EndGlobal
